
Microsoft Visual Studio Solution File, Format Version 12.00
# Visual Studio Version 17
VisualStudioVersion = 17.1.32104.313
MinimumVisualStudioVersion = 10.0.40219.1
Project("{2150E333-8FDC-42A3-9474-1A3956D46DE8}") = "Services", "Services", "{F28E2D1B-6A2A-43B7-90EE-8E0768E6EB9E}"
EndProject
Project("{2150E333-8FDC-42A3-9474-1A3956D46DE8}") = "Menu", "Menu", "{2865356C-D8F6-4339-A206-BF119721DA7D}"
EndProject
Project("{FAE04EC0-301F-11D3-BF4B-00C04F79EFBC}") = "Menu.Api", "Services\Menu\Menu.Api\Menu.Api.csproj", "{DEDC1068-CA62-4343-9E5B-B5243ACA3A5F}"
EndProject
Project("{FAE04EC0-301F-11D3-BF4B-00C04F79EFBC}") = "Menu.Domain", "Services\Menu\Menu.Domain\Menu.Domain.csproj", "{EF21FACA-2195-4875-A961-96A0DA144CA7}"
EndProject
Global
	GlobalSection(SolutionConfigurationPlatforms) = preSolution
		Debug|Any CPU = Debug|Any CPU
		Release|Any CPU = Release|Any CPU
	EndGlobalSection
	GlobalSection(ProjectConfigurationPlatforms) = postSolution
		{DEDC1068-CA62-4343-9E5B-B5243ACA3A5F}.Debug|Any CPU.ActiveCfg = Debug|Any CPU
		{DEDC1068-CA62-4343-9E5B-B5243ACA3A5F}.Debug|Any CPU.Build.0 = Debug|Any CPU
		{DEDC1068-CA62-4343-9E5B-B5243ACA3A5F}.Release|Any CPU.ActiveCfg = Release|Any CPU
		{DEDC1068-CA62-4343-9E5B-B5243ACA3A5F}.Release|Any CPU.Build.0 = Release|Any CPU
		{EF21FACA-2195-4875-A961-96A0DA144CA7}.Debug|Any CPU.ActiveCfg = Debug|Any CPU
		{EF21FACA-2195-4875-A961-96A0DA144CA7}.Debug|Any CPU.Build.0 = Debug|Any CPU
		{EF21FACA-2195-4875-A961-96A0DA144CA7}.Release|Any CPU.ActiveCfg = Release|Any CPU
		{EF21FACA-2195-4875-A961-96A0DA144CA7}.Release|Any CPU.Build.0 = Release|Any CPU
	EndGlobalSection
	GlobalSection(SolutionProperties) = preSolution
		HideSolutionNode = FALSE
	EndGlobalSection
	GlobalSection(NestedProjects) = preSolution
		{2865356C-D8F6-4339-A206-BF119721DA7D} = {F28E2D1B-6A2A-43B7-90EE-8E0768E6EB9E}
		{DEDC1068-CA62-4343-9E5B-B5243ACA3A5F} = {2865356C-D8F6-4339-A206-BF119721DA7D}
		{EF21FACA-2195-4875-A961-96A0DA144CA7} = {2865356C-D8F6-4339-A206-BF119721DA7D}
	EndGlobalSection
	GlobalSection(ExtensibilityGlobals) = postSolution
		SolutionGuid = {B3CCABC3-45A4-4B7A-959A-DD0E024426FB}
	EndGlobalSection
EndGlobal
