
Microsoft Visual Studio Solution File, Format Version 12.00
# Visual Studio Version 17
VisualStudioVersion = 17.1.32104.313
MinimumVisualStudioVersion = 10.0.40219.1
Project("{2150E333-8FDC-42A3-9474-1A3956D46DE8}") = "Services", "Services", "{F28E2D1B-6A2A-43B7-90EE-8E0768E6EB9E}"
EndProject
Project("{2150E333-8FDC-42A3-9474-1A3956D46DE8}") = "Menu", "Menu", "{2865356C-D8F6-4339-A206-BF119721DA7D}"
EndProject
Project("{9A19103F-16F7-4668-BE54-9A1E7A4F7556}") = "Menu.Api", "Services\Menu\Menu.Api\Menu.Api.csproj", "{DEDC1068-CA62-4343-9E5B-B5243ACA3A5F}"
EndProject
Project("{9A19103F-16F7-4668-BE54-9A1E7A4F7556}") = "Menu.Domain", "Services\Menu\Menu.Domain\Menu.Domain.csproj", "{EF21FACA-2195-4875-A961-96A0DA144CA7}"
EndProject
Project("{2150E333-8FDC-42A3-9474-1A3956D46DE8}") = "Order", "Order", "{A7B25BC2-875B-4D49-A867-6DFE298AEC26}"
EndProject
Project("{FAE04EC0-301F-11D3-BF4B-00C04F79EFBC}") = "Order.Api", "Services\Order\Order.Api\Order.Api.csproj", "{946A8B09-222F-42BB-8CA5-6B1F721C69F5}"
EndProject
Project("{FAE04EC0-301F-11D3-BF4B-00C04F79EFBC}") = "Order.Domain", "Services\Order\Order.Domain\Order.Domain.csproj", "{8C84AF58-F702-4A94-8849-D9FCD23F4758}"
EndProject
Project("{2150E333-8FDC-42A3-9474-1A3956D46DE8}") = "BuildingBlocks", "BuildingBlocks", "{8406429A-4976-4FFE-836A-FFC0850B2CD0}"
EndProject
Project("{FAE04EC0-301F-11D3-BF4B-00C04F79EFBC}") = "EventBus", "BuildingBlocks\EventBus\EventBus.csproj", "{46B2A49E-6464-4AE8-9CF9-FCABC4D5201A}"
EndProject
Project("{2150E333-8FDC-42A3-9474-1A3956D46DE8}") = "User", "User", "{9F4037BF-A2E2-4863-8BB3-54781DF09A97}"
EndProject
Project("{FAE04EC0-301F-11D3-BF4B-00C04F79EFBC}") = "Users.Api", "Services\Users.Api\Users.Api.csproj", "{D7C5307E-A8EE-41F3-8021-DCDC58EE38C6}"
EndProject
Project("{FAE04EC0-301F-11D3-BF4B-00C04F79EFBC}") = "Users.Domain", "Services\Users.Domain\Users.Domain.csproj", "{BC19A27D-F0F4-43D2-89E5-E815950CF797}"
EndProject
Global
	GlobalSection(SolutionConfigurationPlatforms) = preSolution
		Debug|Any CPU = Debug|Any CPU
		Release|Any CPU = Release|Any CPU
	EndGlobalSection
	GlobalSection(ProjectConfigurationPlatforms) = postSolution
		{DEDC1068-CA62-4343-9E5B-B5243ACA3A5F}.Debug|Any CPU.ActiveCfg = Debug|Any CPU
		{DEDC1068-CA62-4343-9E5B-B5243ACA3A5F}.Debug|Any CPU.Build.0 = Debug|Any CPU
		{DEDC1068-CA62-4343-9E5B-B5243ACA3A5F}.Release|Any CPU.ActiveCfg = Release|Any CPU
		{DEDC1068-CA62-4343-9E5B-B5243ACA3A5F}.Release|Any CPU.Build.0 = Release|Any CPU
		{EF21FACA-2195-4875-A961-96A0DA144CA7}.Debug|Any CPU.ActiveCfg = Debug|Any CPU
		{EF21FACA-2195-4875-A961-96A0DA144CA7}.Debug|Any CPU.Build.0 = Debug|Any CPU
		{EF21FACA-2195-4875-A961-96A0DA144CA7}.Release|Any CPU.ActiveCfg = Release|Any CPU
		{EF21FACA-2195-4875-A961-96A0DA144CA7}.Release|Any CPU.Build.0 = Release|Any CPU
		{946A8B09-222F-42BB-8CA5-6B1F721C69F5}.Debug|Any CPU.ActiveCfg = Debug|Any CPU
		{946A8B09-222F-42BB-8CA5-6B1F721C69F5}.Debug|Any CPU.Build.0 = Debug|Any CPU
		{946A8B09-222F-42BB-8CA5-6B1F721C69F5}.Release|Any CPU.ActiveCfg = Release|Any CPU
		{946A8B09-222F-42BB-8CA5-6B1F721C69F5}.Release|Any CPU.Build.0 = Release|Any CPU
		{8C84AF58-F702-4A94-8849-D9FCD23F4758}.Debug|Any CPU.ActiveCfg = Debug|Any CPU
		{8C84AF58-F702-4A94-8849-D9FCD23F4758}.Debug|Any CPU.Build.0 = Debug|Any CPU
		{8C84AF58-F702-4A94-8849-D9FCD23F4758}.Release|Any CPU.ActiveCfg = Release|Any CPU
		{8C84AF58-F702-4A94-8849-D9FCD23F4758}.Release|Any CPU.Build.0 = Release|Any CPU
		{46B2A49E-6464-4AE8-9CF9-FCABC4D5201A}.Debug|Any CPU.ActiveCfg = Debug|Any CPU
		{46B2A49E-6464-4AE8-9CF9-FCABC4D5201A}.Debug|Any CPU.Build.0 = Debug|Any CPU
		{46B2A49E-6464-4AE8-9CF9-FCABC4D5201A}.Release|Any CPU.ActiveCfg = Release|Any CPU
		{46B2A49E-6464-4AE8-9CF9-FCABC4D5201A}.Release|Any CPU.Build.0 = Release|Any CPU
		{D7C5307E-A8EE-41F3-8021-DCDC58EE38C6}.Debug|Any CPU.ActiveCfg = Debug|Any CPU
		{D7C5307E-A8EE-41F3-8021-DCDC58EE38C6}.Debug|Any CPU.Build.0 = Debug|Any CPU
		{D7C5307E-A8EE-41F3-8021-DCDC58EE38C6}.Release|Any CPU.ActiveCfg = Release|Any CPU
		{D7C5307E-A8EE-41F3-8021-DCDC58EE38C6}.Release|Any CPU.Build.0 = Release|Any CPU
		{BC19A27D-F0F4-43D2-89E5-E815950CF797}.Debug|Any CPU.ActiveCfg = Debug|Any CPU
		{BC19A27D-F0F4-43D2-89E5-E815950CF797}.Debug|Any CPU.Build.0 = Debug|Any CPU
		{BC19A27D-F0F4-43D2-89E5-E815950CF797}.Release|Any CPU.ActiveCfg = Release|Any CPU
		{BC19A27D-F0F4-43D2-89E5-E815950CF797}.Release|Any CPU.Build.0 = Release|Any CPU
	EndGlobalSection
	GlobalSection(SolutionProperties) = preSolution
		HideSolutionNode = FALSE
	EndGlobalSection
	GlobalSection(NestedProjects) = preSolution
		{2865356C-D8F6-4339-A206-BF119721DA7D} = {F28E2D1B-6A2A-43B7-90EE-8E0768E6EB9E}
		{DEDC1068-CA62-4343-9E5B-B5243ACA3A5F} = {2865356C-D8F6-4339-A206-BF119721DA7D}
		{EF21FACA-2195-4875-A961-96A0DA144CA7} = {2865356C-D8F6-4339-A206-BF119721DA7D}
		{A7B25BC2-875B-4D49-A867-6DFE298AEC26} = {F28E2D1B-6A2A-43B7-90EE-8E0768E6EB9E}
		{946A8B09-222F-42BB-8CA5-6B1F721C69F5} = {A7B25BC2-875B-4D49-A867-6DFE298AEC26}
		{8C84AF58-F702-4A94-8849-D9FCD23F4758} = {A7B25BC2-875B-4D49-A867-6DFE298AEC26}
		{46B2A49E-6464-4AE8-9CF9-FCABC4D5201A} = {8406429A-4976-4FFE-836A-FFC0850B2CD0}
		{9F4037BF-A2E2-4863-8BB3-54781DF09A97} = {F28E2D1B-6A2A-43B7-90EE-8E0768E6EB9E}
		{D7C5307E-A8EE-41F3-8021-DCDC58EE38C6} = {9F4037BF-A2E2-4863-8BB3-54781DF09A97}
		{BC19A27D-F0F4-43D2-89E5-E815950CF797} = {9F4037BF-A2E2-4863-8BB3-54781DF09A97}
	EndGlobalSection
	GlobalSection(ExtensibilityGlobals) = postSolution
		SolutionGuid = {B3CCABC3-45A4-4B7A-959A-DD0E024426FB}
	EndGlobalSection
EndGlobal
